// !$*UTF8*$!
{
	archiveVersion = 1;
	classes = {
	};
	objectVersion = 55;
	objects = {

/* Begin PBXBuildFile section */
		01C2AEB0288756AE0085D70F /* AppDelegate.swift in Sources */ = {isa = PBXBuildFile; fileRef = 01C2AEAF288756AE0085D70F /* AppDelegate.swift */; };
		01C2AEB2288756AE0085D70F /* SceneDelegate.swift in Sources */ = {isa = PBXBuildFile; fileRef = 01C2AEB1288756AE0085D70F /* SceneDelegate.swift */; };
		01C2AEB4288756AE0085D70F /* ViewController.swift in Sources */ = {isa = PBXBuildFile; fileRef = 01C2AEB3288756AE0085D70F /* ViewController.swift */; };
		01C2AEB7288756AE0085D70F /* Main.storyboard in Resources */ = {isa = PBXBuildFile; fileRef = 01C2AEB5288756AE0085D70F /* Main.storyboard */; };
		01C2AEB9288756B10085D70F /* Assets.xcassets in Resources */ = {isa = PBXBuildFile; fileRef = 01C2AEB8288756B10085D70F /* Assets.xcassets */; };
		01C2AEBC288756B10085D70F /* LaunchScreen.storyboard in Resources */ = {isa = PBXBuildFile; fileRef = 01C2AEBA288756B10085D70F /* LaunchScreen.storyboard */; };
		01C2AEC7288756B20085D70F /* Adhithi_PreworkTests.swift in Sources */ = {isa = PBXBuildFile; fileRef = 01C2AEC6288756B20085D70F /* Adhithi_PreworkTests.swift */; };
		01C2AED1288756B20085D70F /* Adhithi_PreworkUITests.swift in Sources */ = {isa = PBXBuildFile; fileRef = 01C2AED0288756B20085D70F /* Adhithi_PreworkUITests.swift */; };
		01C2AED3288756B20085D70F /* Adhithi_PreworkUITestsLaunchTests.swift in Sources */ = {isa = PBXBuildFile; fileRef = 01C2AED2288756B20085D70F /* Adhithi_PreworkUITestsLaunchTests.swift */; };
/* End PBXBuildFile section */

/* Begin PBXContainerItemProxy section */
		01C2AEC3288756B20085D70F /* PBXContainerItemProxy */ = {
			isa = PBXContainerItemProxy;
			containerPortal = 01C2AEA4288756AE0085D70F /* Project object */;
			proxyType = 1;
			remoteGlobalIDString = 01C2AEAB288756AE0085D70F;
			remoteInfo = "Adhithi-Prework";
		};
		01C2AECD288756B20085D70F /* PBXContainerItemProxy */ = {
			isa = PBXContainerItemProxy;
			containerPortal = 01C2AEA4288756AE0085D70F /* Project object */;
			proxyType = 1;
			remoteGlobalIDString = 01C2AEAB288756AE0085D70F;
			remoteInfo = "Adhithi-Prework";
		};
/* End PBXContainerItemProxy section */

/* Begin PBXFileReference section */
		01C2AEAC288756AE0085D70F /* Adhithi-Prework.app */ = {isa = PBXFileReference; explicitFileType = wrapper.application; includeInIndex = 0; path = "Adhithi-Prework.app"; sourceTree = BUILT_PRODUCTS_DIR; };
		01C2AEAF288756AE0085D70F /* AppDelegate.swift */ = {isa = PBXFileReference; lastKnownFileType = sourcecode.swift; path = AppDelegate.swift; sourceTree = "<group>"; };
		01C2AEB1288756AE0085D70F /* SceneDelegate.swift */ = {isa = PBXFileReference; lastKnownFileType = sourcecode.swift; path = SceneDelegate.swift; sourceTree = "<group>"; };
		01C2AEB3288756AE0085D70F /* ViewController.swift */ = {isa = PBXFileReference; lastKnownFileType = sourcecode.swift; path = ViewController.swift; sourceTree = "<group>"; };
		01C2AEB6288756AE0085D70F /* Base */ = {isa = PBXFileReference; lastKnownFileType = file.storyboard; name = Base; path = Base.lproj/Main.storyboard; sourceTree = "<group>"; };
		01C2AEB8288756B10085D70F /* Assets.xcassets */ = {isa = PBXFileReference; lastKnownFileType = folder.assetcatalog; path = Assets.xcassets; sourceTree = "<group>"; };
		01C2AEBB288756B10085D70F /* Base */ = {isa = PBXFileReference; lastKnownFileType = file.storyboard; name = Base; path = Base.lproj/LaunchScreen.storyboard; sourceTree = "<group>"; };
		01C2AEBD288756B10085D70F /* Info.plist */ = {isa = PBXFileReference; lastKnownFileType = text.plist.xml; path = Info.plist; sourceTree = "<group>"; };
		01C2AEC2288756B20085D70F /* Adhithi-PreworkTests.xctest */ = {isa = PBXFileReference; explicitFileType = wrapper.cfbundle; includeInIndex = 0; path = "Adhithi-PreworkTests.xctest"; sourceTree = BUILT_PRODUCTS_DIR; };
		01C2AEC6288756B20085D70F /* Adhithi_PreworkTests.swift */ = {isa = PBXFileReference; lastKnownFileType = sourcecode.swift; path = Adhithi_PreworkTests.swift; sourceTree = "<group>"; };
		01C2AECC288756B20085D70F /* Adhithi-PreworkUITests.xctest */ = {isa = PBXFileReference; explicitFileType = wrapper.cfbundle; includeInIndex = 0; path = "Adhithi-PreworkUITests.xctest"; sourceTree = BUILT_PRODUCTS_DIR; };
		01C2AED0288756B20085D70F /* Adhithi_PreworkUITests.swift */ = {isa = PBXFileReference; lastKnownFileType = sourcecode.swift; path = Adhithi_PreworkUITests.swift; sourceTree = "<group>"; };
		01C2AED2288756B20085D70F /* Adhithi_PreworkUITestsLaunchTests.swift */ = {isa = PBXFileReference; lastKnownFileType = sourcecode.swift; path = Adhithi_PreworkUITestsLaunchTests.swift; sourceTree = "<group>"; };
/* End PBXFileReference section */

/* Begin PBXFrameworksBuildPhase section */
		01C2AEA9288756AE0085D70F /* Frameworks */ = {
			isa = PBXFrameworksBuildPhase;
			buildActionMask = 2147483647;
			files = (
			);
			runOnlyForDeploymentPostprocessing = 0;
		};
		01C2AEBF288756B20085D70F /* Frameworks */ = {
			isa = PBXFrameworksBuildPhase;
			buildActionMask = 2147483647;
			files = (
			);
			runOnlyForDeploymentPostprocessing = 0;
		};
		01C2AEC9288756B20085D70F /* Frameworks */ = {
			isa = PBXFrameworksBuildPhase;
			buildActionMask = 2147483647;
			files = (
			);
			runOnlyForDeploymentPostprocessing = 0;
		};
/* End PBXFrameworksBuildPhase section */

/* Begin PBXGroup section */
		01C2AEA3288756AD0085D70F = {
			isa = PBXGroup;
			children = (
				01C2AEAE288756AE0085D70F /* Adhithi-Prework */,
				01C2AEC5288756B20085D70F /* Adhithi-PreworkTests */,
				01C2AECF288756B20085D70F /* Adhithi-PreworkUITests */,
				01C2AEAD288756AE0085D70F /* Products */,
			);
			sourceTree = "<group>";
		};
		01C2AEAD288756AE0085D70F /* Products */ = {
			isa = PBXGroup;
			children = (
				01C2AEAC288756AE0085D70F /* Adhithi-Prework.app */,
				01C2AEC2288756B20085D70F /* Adhithi-PreworkTests.xctest */,
				01C2AECC288756B20085D70F /* Adhithi-PreworkUITests.xctest */,
			);
			name = Products;
			sourceTree = "<group>";
		};
		01C2AEAE288756AE0085D70F /* Adhithi-Prework */ = {
			isa = PBXGroup;
			children = (
				01C2AEAF288756AE0085D70F /* AppDelegate.swift */,
				01C2AEB1288756AE0085D70F /* SceneDelegate.swift */,
				01C2AEB3288756AE0085D70F /* ViewController.swift */,
				01C2AEB5288756AE0085D70F /* Main.storyboard */,
				01C2AEB8288756B10085D70F /* Assets.xcassets */,
				01C2AEBA288756B10085D70F /* LaunchScreen.storyboard */,
				01C2AEBD288756B10085D70F /* Info.plist */,
			);
			path = "Adhithi-Prework";
			sourceTree = "<group>";
		};
		01C2AEC5288756B20085D70F /* Adhithi-PreworkTests */ = {
			isa = PBXGroup;
			children = (
				01C2AEC6288756B20085D70F /* Adhithi_PreworkTests.swift */,
			);
			path = "Adhithi-PreworkTests";
			sourceTree = "<group>";
		};
		01C2AECF288756B20085D70F /* Adhithi-PreworkUITests */ = {
			isa = PBXGroup;
			children = (
				01C2AED0288756B20085D70F /* Adhithi_PreworkUITests.swift */,
				01C2AED2288756B20085D70F /* Adhithi_PreworkUITestsLaunchTests.swift */,
			);
			path = "Adhithi-PreworkUITests";
			sourceTree = "<group>";
		};
/* End PBXGroup section */

/* Begin PBXNativeTarget section */
		01C2AEAB288756AE0085D70F /* Adhithi-Prework */ = {
			isa = PBXNativeTarget;
			buildConfigurationList = 01C2AED6288756B20085D70F /* Build configuration list for PBXNativeTarget "Adhithi-Prework" */;
			buildPhases = (
				01C2AEA8288756AE0085D70F /* Sources */,
				01C2AEA9288756AE0085D70F /* Frameworks */,
				01C2AEAA288756AE0085D70F /* Resources */,
			);
			buildRules = (
			);
			dependencies = (
			);
			name = "Adhithi-Prework";
			productName = "Adhithi-Prework";
			productReference = 01C2AEAC288756AE0085D70F /* Adhithi-Prework.app */;
			productType = "com.apple.product-type.application";
		};
		01C2AEC1288756B20085D70F /* Adhithi-PreworkTests */ = {
			isa = PBXNativeTarget;
			buildConfigurationList = 01C2AED9288756B20085D70F /* Build configuration list for PBXNativeTarget "Adhithi-PreworkTests" */;
			buildPhases = (
				01C2AEBE288756B20085D70F /* Sources */,
				01C2AEBF288756B20085D70F /* Frameworks */,
				01C2AEC0288756B20085D70F /* Resources */,
			);
			buildRules = (
			);
			dependencies = (
				01C2AEC4288756B20085D70F /* PBXTargetDependency */,
			);
			name = "Adhithi-PreworkTests";
			productName = "Adhithi-PreworkTests";
			productReference = 01C2AEC2288756B20085D70F /* Adhithi-PreworkTests.xctest */;
			productType = "com.apple.product-type.bundle.unit-test";
		};
		01C2AECB288756B20085D70F /* Adhithi-PreworkUITests */ = {
			isa = PBXNativeTarget;
			buildConfigurationList = 01C2AEDC288756B20085D70F /* Build configuration list for PBXNativeTarget "Adhithi-PreworkUITests" */;
			buildPhases = (
				01C2AEC8288756B20085D70F /* Sources */,
				01C2AEC9288756B20085D70F /* Frameworks */,
				01C2AECA288756B20085D70F /* Resources */,
			);
			buildRules = (
			);
			dependencies = (
				01C2AECE288756B20085D70F /* PBXTargetDependency */,
			);
			name = "Adhithi-PreworkUITests";
			productName = "Adhithi-PreworkUITests";
			productReference = 01C2AECC288756B20085D70F /* Adhithi-PreworkUITests.xctest */;
			productType = "com.apple.product-type.bundle.ui-testing";
		};
/* End PBXNativeTarget section */

/* Begin PBXProject section */
		01C2AEA4288756AE0085D70F /* Project object */ = {
			isa = PBXProject;
			attributes = {
				BuildIndependentTargetsInParallel = 1;
				LastSwiftUpdateCheck = 1340;
				LastUpgradeCheck = 1340;
				TargetAttributes = {
					01C2AEAB288756AE0085D70F = {
						CreatedOnToolsVersion = 13.4.1;
					};
					01C2AEC1288756B20085D70F = {
						CreatedOnToolsVersion = 13.4.1;
						TestTargetID = 01C2AEAB288756AE0085D70F;
					};
					01C2AECB288756B20085D70F = {
						CreatedOnToolsVersion = 13.4.1;
						TestTargetID = 01C2AEAB288756AE0085D70F;
					};
				};
			};
			buildConfigurationList = 01C2AEA7288756AE0085D70F /* Build configuration list for PBXProject "Adhithi-Prework" */;
			compatibilityVersion = "Xcode 13.0";
			developmentRegion = en;
			hasScannedForEncodings = 0;
			knownRegions = (
				en,
				Base,
			);
			mainGroup = 01C2AEA3288756AD0085D70F;
			productRefGroup = 01C2AEAD288756AE0085D70F /* Products */;
			projectDirPath = "";
			projectRoot = "";
			targets = (
				01C2AEAB288756AE0085D70F /* Adhithi-Prework */,
				01C2AEC1288756B20085D70F /* Adhithi-PreworkTests */,
				01C2AECB288756B20085D70F /* Adhithi-PreworkUITests */,
			);
		};
/* End PBXProject section */

/* Begin PBXResourcesBuildPhase section */
		01C2AEAA288756AE0085D70F /* Resources */ = {
			isa = PBXResourcesBuildPhase;
			buildActionMask = 2147483647;
			files = (
				01C2AEBC288756B10085D70F /* LaunchScreen.storyboard in Resources */,
				01C2AEB9288756B10085D70F /* Assets.xcassets in Resources */,
				01C2AEB7288756AE0085D70F /* Main.storyboard in Resources */,
			);
			runOnlyForDeploymentPostprocessing = 0;
		};
		01C2AEC0288756B20085D70F /* Resources */ = {
			isa = PBXResourcesBuildPhase;
			buildActionMask = 2147483647;
			files = (
			);
			runOnlyForDeploymentPostprocessing = 0;
		};
		01C2AECA288756B20085D70F /* Resources */ = {
			isa = PBXResourcesBuildPhase;
			buildActionMask = 2147483647;
			files = (
			);
			runOnlyForDeploymentPostprocessing = 0;
		};
/* End PBXResourcesBuildPhase section */

/* Begin PBXSourcesBuildPhase section */
		01C2AEA8288756AE0085D70F /* Sources */ = {
			isa = PBXSourcesBuildPhase;
			buildActionMask = 2147483647;
			files = (
				01C2AEB4288756AE0085D70F /* ViewController.swift in Sources */,
				01C2AEB0288756AE0085D70F /* AppDelegate.swift in Sources */,
				01C2AEB2288756AE0085D70F /* SceneDelegate.swift in Sources */,
			);
			runOnlyForDeploymentPostprocessing = 0;
		};
		01C2AEBE288756B20085D70F /* Sources */ = {
			isa = PBXSourcesBuildPhase;
			buildActionMask = 2147483647;
			files = (
				01C2AEC7288756B20085D70F /* Adhithi_PreworkTests.swift in Sources */,
			);
			runOnlyForDeploymentPostprocessing = 0;
		};
		01C2AEC8288756B20085D70F /* Sources */ = {
			isa = PBXSourcesBuildPhase;
			buildActionMask = 2147483647;
			files = (
				01C2AED1288756B20085D70F /* Adhithi_PreworkUITests.swift in Sources */,
				01C2AED3288756B20085D70F /* Adhithi_PreworkUITestsLaunchTests.swift in Sources */,
			);
			runOnlyForDeploymentPostprocessing = 0;
		};
/* End PBXSourcesBuildPhase section */

/* Begin PBXTargetDependency section */
		01C2AEC4288756B20085D70F /* PBXTargetDependency */ = {
			isa = PBXTargetDependency;
			target = 01C2AEAB288756AE0085D70F /* Adhithi-Prework */;
			targetProxy = 01C2AEC3288756B20085D70F /* PBXContainerItemProxy */;
		};
		01C2AECE288756B20085D70F /* PBXTargetDependency */ = {
			isa = PBXTargetDependency;
			target = 01C2AEAB288756AE0085D70F /* Adhithi-Prework */;
			targetProxy = 01C2AECD288756B20085D70F /* PBXContainerItemProxy */;
		};
/* End PBXTargetDependency section */

/* Begin PBXVariantGroup section */
		01C2AEB5288756AE0085D70F /* Main.storyboard */ = {
			isa = PBXVariantGroup;
			children = (
				01C2AEB6288756AE0085D70F /* Base */,
			);
			name = Main.storyboard;
			sourceTree = "<group>";
		};
		01C2AEBA288756B10085D70F /* LaunchScreen.storyboard */ = {
			isa = PBXVariantGroup;
			children = (
				01C2AEBB288756B10085D70F /* Base */,
			);
			name = LaunchScreen.storyboard;
			sourceTree = "<group>";
		};
/* End PBXVariantGroup section */

/* Begin XCBuildConfiguration section */
		01C2AED4288756B20085D70F /* Debug */ = {
			isa = XCBuildConfiguration;
			buildSettings = {
				ALWAYS_SEARCH_USER_PATHS = NO;
				CLANG_ANALYZER_NONNULL = YES;
				CLANG_ANALYZER_NUMBER_OBJECT_CONVERSION = YES_AGGRESSIVE;
				CLANG_CXX_LANGUAGE_STANDARD = "gnu++17";
				CLANG_ENABLE_MODULES = YES;
				CLANG_ENABLE_OBJC_ARC = YES;
				CLANG_ENABLE_OBJC_WEAK = YES;
				CLANG_WARN_BLOCK_CAPTURE_AUTORELEASING = YES;
				CLANG_WARN_BOOL_CONVERSION = YES;
				CLANG_WARN_COMMA = YES;
				CLANG_WARN_CONSTANT_CONVERSION = YES;
				CLANG_WARN_DEPRECATED_OBJC_IMPLEMENTATIONS = YES;
				CLANG_WARN_DIRECT_OBJC_ISA_USAGE = YES_ERROR;
				CLANG_WARN_DOCUMENTATION_COMMENTS = YES;
				CLANG_WARN_EMPTY_BODY = YES;
				CLANG_WARN_ENUM_CONVERSION = YES;
				CLANG_WARN_INFINITE_RECURSION = YES;
				CLANG_WARN_INT_CONVERSION = YES;
				CLANG_WARN_NON_LITERAL_NULL_CONVERSION = YES;
				CLANG_WARN_OBJC_IMPLICIT_RETAIN_SELF = YES;
				CLANG_WARN_OBJC_LITERAL_CONVERSION = YES;
				CLANG_WARN_OBJC_ROOT_CLASS = YES_ERROR;
				CLANG_WARN_QUOTED_INCLUDE_IN_FRAMEWORK_HEADER = YES;
				CLANG_WARN_RANGE_LOOP_ANALYSIS = YES;
				CLANG_WARN_STRICT_PROTOTYPES = YES;
				CLANG_WARN_SUSPICIOUS_MOVE = YES;
				CLANG_WARN_UNGUARDED_AVAILABILITY = YES_AGGRESSIVE;
				CLANG_WARN_UNREACHABLE_CODE = YES;
				CLANG_WARN__DUPLICATE_METHOD_MATCH = YES;
				COPY_PHASE_STRIP = NO;
				DEBUG_INFORMATION_FORMAT = dwarf;
				ENABLE_STRICT_OBJC_MSGSEND = YES;
				ENABLE_TESTABILITY = YES;
				GCC_C_LANGUAGE_STANDARD = gnu11;
				GCC_DYNAMIC_NO_PIC = NO;
				GCC_NO_COMMON_BLOCKS = YES;
				GCC_OPTIMIZATION_LEVEL = 0;
				GCC_PREPROCESSOR_DEFINITIONS = (
					"DEBUG=1",
					"$(inherited)",
				);
				GCC_WARN_64_TO_32_BIT_CONVERSION = YES;
				GCC_WARN_ABOUT_RETURN_TYPE = YES_ERROR;
				GCC_WARN_UNDECLARED_SELECTOR = YES;
				GCC_WARN_UNINITIALIZED_AUTOS = YES_AGGRESSIVE;
				GCC_WARN_UNUSED_FUNCTION = YES;
				GCC_WARN_UNUSED_VARIABLE = YES;
				IPHONEOS_DEPLOYMENT_TARGET = 15.5;
				MTL_ENABLE_DEBUG_INFO = INCLUDE_SOURCE;
				MTL_FAST_MATH = YES;
				ONLY_ACTIVE_ARCH = YES;
				SDKROOT = iphoneos;
				SWIFT_ACTIVE_COMPILATION_CONDITIONS = DEBUG;
				SWIFT_OPTIMIZATION_LEVEL = "-Onone";
			};
			name = Debug;
		};
		01C2AED5288756B20085D70F /* Release */ = {
			isa = XCBuildConfiguration;
			buildSettings = {
				ALWAYS_SEARCH_USER_PATHS = NO;
				CLANG_ANALYZER_NONNULL = YES;
				CLANG_ANALYZER_NUMBER_OBJECT_CONVERSION = YES_AGGRESSIVE;
				CLANG_CXX_LANGUAGE_STANDARD = "gnu++17";
				CLANG_ENABLE_MODULES = YES;
				CLANG_ENABLE_OBJC_ARC = YES;
				CLANG_ENABLE_OBJC_WEAK = YES;
				CLANG_WARN_BLOCK_CAPTURE_AUTORELEASING = YES;
				CLANG_WARN_BOOL_CONVERSION = YES;
				CLANG_WARN_COMMA = YES;
				CLANG_WARN_CONSTANT_CONVERSION = YES;
				CLANG_WARN_DEPRECATED_OBJC_IMPLEMENTATIONS = YES;
				CLANG_WARN_DIRECT_OBJC_ISA_USAGE = YES_ERROR;
				CLANG_WARN_DOCUMENTATION_COMMENTS = YES;
				CLANG_WARN_EMPTY_BODY = YES;
				CLANG_WARN_ENUM_CONVERSION = YES;
				CLANG_WARN_INFINITE_RECURSION = YES;
				CLANG_WARN_INT_CONVERSION = YES;
				CLANG_WARN_NON_LITERAL_NULL_CONVERSION = YES;
				CLANG_WARN_OBJC_IMPLICIT_RETAIN_SELF = YES;
				CLANG_WARN_OBJC_LITERAL_CONVERSION = YES;
				CLANG_WARN_OBJC_ROOT_CLASS = YES_ERROR;
				CLANG_WARN_QUOTED_INCLUDE_IN_FRAMEWORK_HEADER = YES;
				CLANG_WARN_RANGE_LOOP_ANALYSIS = YES;
				CLANG_WARN_STRICT_PROTOTYPES = YES;
				CLANG_WARN_SUSPICIOUS_MOVE = YES;
				CLANG_WARN_UNGUARDED_AVAILABILITY = YES_AGGRESSIVE;
				CLANG_WARN_UNREACHABLE_CODE = YES;
				CLANG_WARN__DUPLICATE_METHOD_MATCH = YES;
				COPY_PHASE_STRIP = NO;
				DEBUG_INFORMATION_FORMAT = "dwarf-with-dsym";
				ENABLE_NS_ASSERTIONS = NO;
				ENABLE_STRICT_OBJC_MSGSEND = YES;
				GCC_C_LANGUAGE_STANDARD = gnu11;
				GCC_NO_COMMON_BLOCKS = YES;
				GCC_WARN_64_TO_32_BIT_CONVERSION = YES;
				GCC_WARN_ABOUT_RETURN_TYPE = YES_ERROR;
				GCC_WARN_UNDECLARED_SELECTOR = YES;
				GCC_WARN_UNINITIALIZED_AUTOS = YES_AGGRESSIVE;
				GCC_WARN_UNUSED_FUNCTION = YES;
				GCC_WARN_UNUSED_VARIABLE = YES;
				IPHONEOS_DEPLOYMENT_TARGET = 15.5;
				MTL_ENABLE_DEBUG_INFO = NO;
				MTL_FAST_MATH = YES;
				SDKROOT = iphoneos;
				SWIFT_COMPILATION_MODE = wholemodule;
				SWIFT_OPTIMIZATION_LEVEL = "-O";
				VALIDATE_PRODUCT = YES;
			};
			name = Release;
		};
		01C2AED7288756B20085D70F /* Debug */ = {
			isa = XCBuildConfiguration;
			buildSettings = {
				ASSETCATALOG_COMPILER_APPICON_NAME = AppIcon;
				ASSETCATALOG_COMPILER_GLOBAL_ACCENT_COLOR_NAME = AccentColor;
				CODE_SIGN_STYLE = Automatic;
				CURRENT_PROJECT_VERSION = 1;
				GENERATE_INFOPLIST_FILE = YES;
				INFOPLIST_FILE = "Adhithi-Prework/Info.plist";
				INFOPLIST_KEY_UIApplicationSupportsIndirectInputEvents = YES;
				INFOPLIST_KEY_UILaunchStoryboardName = LaunchScreen;
				INFOPLIST_KEY_UIMainStoryboardFile = Main;
				INFOPLIST_KEY_UISupportedInterfaceOrientations_iPad = "UIInterfaceOrientationPortrait UIInterfaceOrientationPortraitUpsideDown UIInterfaceOrientationLandscapeLeft UIInterfaceOrientationLandscapeRight";
				INFOPLIST_KEY_UISupportedInterfaceOrientations_iPhone = "UIInterfaceOrientationPortrait UIInterfaceOrientationLandscapeLeft UIInterfaceOrientationLandscapeRight";
				LD_RUNPATH_SEARCH_PATHS = (
					"$(inherited)",
					"@executable_path/Frameworks",
				);
				MARKETING_VERSION = 1.0;
				PRODUCT_BUNDLE_IDENTIFIER = "meme.com.Adhithi-Prework";
				PRODUCT_NAME = "$(TARGET_NAME)";
				SWIFT_EMIT_LOC_STRINGS = YES;
				SWIFT_VERSION = 5.0;
				TARGETED_DEVICE_FAMILY = "1,2";
			};
			name = Debug;
		};
		01C2AED8288756B20085D70F /* Release */ = {
			isa = XCBuildConfiguration;
			buildSettings = {
				ASSETCATALOG_COMPILER_APPICON_NAME = AppIcon;
				ASSETCATALOG_COMPILER_GLOBAL_ACCENT_COLOR_NAME = AccentColor;
				CODE_SIGN_STYLE = Automatic;
				CURRENT_PROJECT_VERSION = 1;
				GENERATE_INFOPLIST_FILE = YES;
				INFOPLIST_FILE = "Adhithi-Prework/Info.plist";
				INFOPLIST_KEY_UIApplicationSupportsIndirectInputEvents = YES;
				INFOPLIST_KEY_UILaunchStoryboardName = LaunchScreen;
				INFOPLIST_KEY_UIMainStoryboardFile = Main;
				INFOPLIST_KEY_UISupportedInterfaceOrientations_iPad = "UIInterfaceOrientationPortrait UIInterfaceOrientationPortraitUpsideDown UIInterfaceOrientationLandscapeLeft UIInterfaceOrientationLandscapeRight";
				INFOPLIST_KEY_UISupportedInterfaceOrientations_iPhone = "UIInterfaceOrientationPortrait UIInterfaceOrientationLandscapeLeft UIInterfaceOrientationLandscapeRight";
				LD_RUNPATH_SEARCH_PATHS = (
					"$(inherited)",
					"@executable_path/Frameworks",
				);
				MARKETING_VERSION = 1.0;
				PRODUCT_BUNDLE_IDENTIFIER = "meme.com.Adhithi-Prework";
				PRODUCT_NAME = "$(TARGET_NAME)";
				SWIFT_EMIT_LOC_STRINGS = YES;
				SWIFT_VERSION = 5.0;
				TARGETED_DEVICE_FAMILY = "1,2";
			};
			name = Release;
		};
		01C2AEDA288756B20085D70F /* Debug */ = {
			isa = XCBuildConfiguration;
			buildSettings = {
				ALWAYS_EMBED_SWIFT_STANDARD_LIBRARIES = YES;
				BUNDLE_LOADER = "$(TEST_HOST)";
				CODE_SIGN_STYLE = Automatic;
				CURRENT_PROJECT_VERSION = 1;
				GENERATE_INFOPLIST_FILE = YES;
				IPHONEOS_DEPLOYMENT_TARGET = 15.5;
				MARKETING_VERSION = 1.0;
				PRODUCT_BUNDLE_IDENTIFIER = "meme.com.Adhithi-PreworkTests";
				PRODUCT_NAME = "$(TARGET_NAME)";
				SWIFT_EMIT_LOC_STRINGS = NO;
				SWIFT_VERSION = 5.0;
				TARGETED_DEVICE_FAMILY = "1,2";
				TEST_HOST = "$(BUILT_PRODUCTS_DIR)/Adhithi-Prework.app/Adhithi-Prework";
			};
			name = Debug;
		};
		01C2AEDB288756B20085D70F /* Release */ = {
			isa = XCBuildConfiguration;
			buildSettings = {
				ALWAYS_EMBED_SWIFT_STANDARD_LIBRARIES = YES;
				BUNDLE_LOADER = "$(TEST_HOST)";
				CODE_SIGN_STYLE = Automatic;
				CURRENT_PROJECT_VERSION = 1;
				GENERATE_INFOPLIST_FILE = YES;
				IPHONEOS_DEPLOYMENT_TARGET = 15.5;
				MARKETING_VERSION = 1.0;
				PRODUCT_BUNDLE_IDENTIFIER = "meme.com.Adhithi-PreworkTests";
				PRODUCT_NAME = "$(TARGET_NAME)";
				SWIFT_EMIT_LOC_STRINGS = NO;
				SWIFT_VERSION = 5.0;
				TARGETED_DEVICE_FAMILY = "1,2";
				TEST_HOST = "$(BUILT_PRODUCTS_DIR)/Adhithi-Prework.app/Adhithi-Prework";
			};
			name = Release;
		};
		01C2AEDD288756B20085D70F /* Debug */ = {
			isa = XCBuildConfiguration;
			buildSettings = {
				ALWAYS_EMBED_SWIFT_STANDARD_LIBRARIES = YES;
				CODE_SIGN_STYLE = Automatic;
				CURRENT_PROJECT_VERSION = 1;
				GENERATE_INFOPLIST_FILE = YES;
				MARKETING_VERSION = 1.0;
				PRODUCT_BUNDLE_IDENTIFIER = "meme.com.Adhithi-PreworkUITests";
				PRODUCT_NAME = "$(TARGET_NAME)";
				SWIFT_EMIT_LOC_STRINGS = NO;
				SWIFT_VERSION = 5.0;
				TARGETED_DEVICE_FAMILY = "1,2";
				TEST_TARGET_NAME = "Adhithi-Prework";
			};
			name = Debug;
		};
		01C2AEDE288756B20085D70F /* Release */ = {
			isa = XCBuildConfiguration;
			buildSettings = {
				ALWAYS_EMBED_SWIFT_STANDARD_LIBRARIES = YES;
				CODE_SIGN_STYLE = Automatic;
				CURRENT_PROJECT_VERSION = 1;
				GENERATE_INFOPLIST_FILE = YES;
				MARKETING_VERSION = 1.0;
				PRODUCT_BUNDLE_IDENTIFIER = "meme.com.Adhithi-PreworkUITests";
				PRODUCT_NAME = "$(TARGET_NAME)";
				SWIFT_EMIT_LOC_STRINGS = NO;
				SWIFT_VERSION = 5.0;
				TARGETED_DEVICE_FAMILY = "1,2";
				TEST_TARGET_NAME = "Adhithi-Prework";
			};
			name = Release;
		};
/* End XCBuildConfiguration section */

/* Begin XCConfigurationList section */
		01C2AEA7288756AE0085D70F /* Build configuration list for PBXProject "Adhithi-Prework" */ = {
			isa = XCConfigurationList;
			buildConfigurations = (
				01C2AED4288756B20085D70F /* Debug */,
				01C2AED5288756B20085D70F /* Release */,
			);
			defaultConfigurationIsVisible = 0;
			defaultConfigurationName = Release;
		};
		01C2AED6288756B20085D70F /* Build configuration list for PBXNativeTarget "Adhithi-Prework" */ = {
			isa = XCConfigurationList;
			buildConfigurations = (
				01C2AED7288756B20085D70F /* Debug */,
				01C2AED8288756B20085D70F /* Release */,
			);
			defaultConfigurationIsVisible = 0;
			defaultConfigurationName = Release;
		};
		01C2AED9288756B20085D70F /* Build configuration list for PBXNativeTarget "Adhithi-PreworkTests" */ = {
			isa = XCConfigurationList;
			buildConfigurations = (
				01C2AEDA288756B20085D70F /* Debug */,
				01C2AEDB288756B20085D70F /* Release */,
			);
			defaultConfigurationIsVisible = 0;
			defaultConfigurationName = Release;
		};
		01C2AEDC288756B20085D70F /* Build configuration list for PBXNativeTarget "Adhithi-PreworkUITests" */ = {
			isa = XCConfigurationList;
			buildConfigurations = (
				01C2AEDD288756B20085D70F /* Debug */,
				01C2AEDE288756B20085D70F /* Release */,
			);
			defaultConfigurationIsVisible = 0;
			defaultConfigurationName = Release;
		};
/* End XCConfigurationList section */
	};
	rootObject = 01C2AEA4288756AE0085D70F /* Project object */;
}
